// !$*UTF8*$!
{
	archiveVersion = 1;
	classes = {
	};
	objectVersion = 51;
	objects = {

/* Begin PBXBuildFile section */
		556B267512B6BC8CEF0A4BDF /* Pods_Recipes.framework in Frameworks */ = {isa = PBXBuildFile; fileRef = 1685A59D5E5657F243463DDF /* Pods_Recipes.framework */; };
		A9511F2C28B4B55A009CE85A /* AppDelegate.swift in Sources */ = {isa = PBXBuildFile; fileRef = A9511F2B28B4B55A009CE85A /* AppDelegate.swift */; };
		A9511F2E28B4B55A009CE85A /* SceneDelegate.swift in Sources */ = {isa = PBXBuildFile; fileRef = A9511F2D28B4B55A009CE85A /* SceneDelegate.swift */; };
		A9511F3328B4B55A009CE85A /* Main.storyboard in Resources */ = {isa = PBXBuildFile; fileRef = A9511F3128B4B55A009CE85A /* Main.storyboard */; };
		A9511F3528B4B55B009CE85A /* Assets.xcassets in Resources */ = {isa = PBXBuildFile; fileRef = A9511F3428B4B55B009CE85A /* Assets.xcassets */; };
		A9511F3828B4B55B009CE85A /* LaunchScreen.storyboard in Resources */ = {isa = PBXBuildFile; fileRef = A9511F3628B4B55B009CE85A /* LaunchScreen.storyboard */; };
		A9511F4428B4BE78009CE85A /* RecipeItem.swift in Sources */ = {isa = PBXBuildFile; fileRef = A9511F4328B4BE78009CE85A /* RecipeItem.swift */; };
		A9511F4928B4BF57009CE85A /* APIService.swift in Sources */ = {isa = PBXBuildFile; fileRef = A9511F4828B4BF57009CE85A /* APIService.swift */; };
		A9511F5028B4C034009CE85A /* RecipeResponse.swift in Sources */ = {isa = PBXBuildFile; fileRef = A9511F4F28B4C034009CE85A /* RecipeResponse.swift */; };
		A9511F5328B4C168009CE85A /* DataHandlingProtocol.swift in Sources */ = {isa = PBXBuildFile; fileRef = A9511F5228B4C168009CE85A /* DataHandlingProtocol.swift */; };
		A9511F5728B4CA92009CE85A /* Constants.swift in Sources */ = {isa = PBXBuildFile; fileRef = A9511F5628B4CA92009CE85A /* Constants.swift */; };
		A9511F5B28B4D1D6009CE85A /* RecipesViewController.swift in Sources */ = {isa = PBXBuildFile; fileRef = A9511F5A28B4D1D6009CE85A /* RecipesViewController.swift */; };
		A9511F6728B4E908009CE85A /* FilterCollectionViewCell.swift in Sources */ = {isa = PBXBuildFile; fileRef = A9511F6528B4E908009CE85A /* FilterCollectionViewCell.swift */; };
		A9511F6828B4E908009CE85A /* FilterCollectionViewCell.xib in Resources */ = {isa = PBXBuildFile; fileRef = A9511F6628B4E908009CE85A /* FilterCollectionViewCell.xib */; };
		A9511F6F28B4F650009CE85A /* RecipeTableViewCell.swift in Sources */ = {isa = PBXBuildFile; fileRef = A9511F6D28B4F650009CE85A /* RecipeTableViewCell.swift */; };
		A9511F7028B4F650009CE85A /* RecipeTableViewCell.xib in Resources */ = {isa = PBXBuildFile; fileRef = A9511F6E28B4F650009CE85A /* RecipeTableViewCell.xib */; };
		A9CF950028B56E0F009BBD17 /* RecipeSearchViewModel.swift in Sources */ = {isa = PBXBuildFile; fileRef = A9CF94FF28B56E0F009BBD17 /* RecipeSearchViewModel.swift */; };
		A9DCB6C428B64AB400A5B269 /* DetailsViewController.swift in Sources */ = {isa = PBXBuildFile; fileRef = A9DCB6C328B64AB400A5B269 /* DetailsViewController.swift */; };
		A9DCB6C728B64B4200A5B269 /* RecipeDetailsViewModel.swift in Sources */ = {isa = PBXBuildFile; fileRef = A9DCB6C628B64B4200A5B269 /* RecipeDetailsViewModel.swift */; };
		A9DF45D128B6852500500798 /* LoadingTableViewCell.swift in Sources */ = {isa = PBXBuildFile; fileRef = A9DF45CF28B6852500500798 /* LoadingTableViewCell.swift */; };
		A9DF45D228B6852500500798 /* LoadingTableViewCell.xib in Resources */ = {isa = PBXBuildFile; fileRef = A9DF45D028B6852500500798 /* LoadingTableViewCell.xib */; };
/* End PBXBuildFile section */

/* Begin PBXFileReference section */
		041C0AC73A7BE9F7533A8340 /* Pods-Recipes.release.xcconfig */ = {isa = PBXFileReference; includeInIndex = 1; lastKnownFileType = text.xcconfig; name = "Pods-Recipes.release.xcconfig"; path = "Target Support Files/Pods-Recipes/Pods-Recipes.release.xcconfig"; sourceTree = "<group>"; };
		04346C02E220B784C6755C9A /* Pods-Recipes.debug.xcconfig */ = {isa = PBXFileReference; includeInIndex = 1; lastKnownFileType = text.xcconfig; name = "Pods-Recipes.debug.xcconfig"; path = "Target Support Files/Pods-Recipes/Pods-Recipes.debug.xcconfig"; sourceTree = "<group>"; };
		1685A59D5E5657F243463DDF /* Pods_Recipes.framework */ = {isa = PBXFileReference; explicitFileType = wrapper.framework; includeInIndex = 0; path = Pods_Recipes.framework; sourceTree = BUILT_PRODUCTS_DIR; };
		A9511F2828B4B55A009CE85A /* Recipes.app */ = {isa = PBXFileReference; explicitFileType = wrapper.application; includeInIndex = 0; path = Recipes.app; sourceTree = BUILT_PRODUCTS_DIR; };
		A9511F2B28B4B55A009CE85A /* AppDelegate.swift */ = {isa = PBXFileReference; lastKnownFileType = sourcecode.swift; path = AppDelegate.swift; sourceTree = "<group>"; };
		A9511F2D28B4B55A009CE85A /* SceneDelegate.swift */ = {isa = PBXFileReference; lastKnownFileType = sourcecode.swift; path = SceneDelegate.swift; sourceTree = "<group>"; };
		A9511F3228B4B55A009CE85A /* Base */ = {isa = PBXFileReference; lastKnownFileType = file.storyboard; name = Base; path = Base.lproj/Main.storyboard; sourceTree = "<group>"; };
		A9511F3428B4B55B009CE85A /* Assets.xcassets */ = {isa = PBXFileReference; lastKnownFileType = folder.assetcatalog; path = Assets.xcassets; sourceTree = "<group>"; };
		A9511F3728B4B55B009CE85A /* Base */ = {isa = PBXFileReference; lastKnownFileType = file.storyboard; name = Base; path = Base.lproj/LaunchScreen.storyboard; sourceTree = "<group>"; };
		A9511F3928B4B55C009CE85A /* Info.plist */ = {isa = PBXFileReference; lastKnownFileType = text.plist.xml; path = Info.plist; sourceTree = "<group>"; };
		A9511F4328B4BE78009CE85A /* RecipeItem.swift */ = {isa = PBXFileReference; lastKnownFileType = sourcecode.swift; path = RecipeItem.swift; sourceTree = "<group>"; };
		A9511F4828B4BF57009CE85A /* APIService.swift */ = {isa = PBXFileReference; lastKnownFileType = sourcecode.swift; path = APIService.swift; sourceTree = "<group>"; };
		A9511F4F28B4C034009CE85A /* RecipeResponse.swift */ = {isa = PBXFileReference; lastKnownFileType = sourcecode.swift; path = RecipeResponse.swift; sourceTree = "<group>"; };
		A9511F5228B4C168009CE85A /* DataHandlingProtocol.swift */ = {isa = PBXFileReference; lastKnownFileType = sourcecode.swift; path = DataHandlingProtocol.swift; sourceTree = "<group>"; };
		A9511F5628B4CA92009CE85A /* Constants.swift */ = {isa = PBXFileReference; lastKnownFileType = sourcecode.swift; path = Constants.swift; sourceTree = "<group>"; };
		A9511F5A28B4D1D6009CE85A /* RecipesViewController.swift */ = {isa = PBXFileReference; lastKnownFileType = sourcecode.swift; path = RecipesViewController.swift; sourceTree = "<group>"; };
		A9511F6528B4E908009CE85A /* FilterCollectionViewCell.swift */ = {isa = PBXFileReference; lastKnownFileType = sourcecode.swift; path = FilterCollectionViewCell.swift; sourceTree = "<group>"; };
		A9511F6628B4E908009CE85A /* FilterCollectionViewCell.xib */ = {isa = PBXFileReference; lastKnownFileType = file.xib; path = FilterCollectionViewCell.xib; sourceTree = "<group>"; };
		A9511F6D28B4F650009CE85A /* RecipeTableViewCell.swift */ = {isa = PBXFileReference; lastKnownFileType = sourcecode.swift; path = RecipeTableViewCell.swift; sourceTree = "<group>"; };
		A9511F6E28B4F650009CE85A /* RecipeTableViewCell.xib */ = {isa = PBXFileReference; lastKnownFileType = file.xib; path = RecipeTableViewCell.xib; sourceTree = "<group>"; };
		A9CF94FF28B56E0F009BBD17 /* RecipeSearchViewModel.swift */ = {isa = PBXFileReference; lastKnownFileType = sourcecode.swift; path = RecipeSearchViewModel.swift; sourceTree = "<group>"; };
		A9DCB6C328B64AB400A5B269 /* DetailsViewController.swift */ = {isa = PBXFileReference; lastKnownFileType = sourcecode.swift; path = DetailsViewController.swift; sourceTree = "<group>"; };
		A9DCB6C628B64B4200A5B269 /* RecipeDetailsViewModel.swift */ = {isa = PBXFileReference; lastKnownFileType = sourcecode.swift; path = RecipeDetailsViewModel.swift; sourceTree = "<group>"; };
		A9DF45CF28B6852500500798 /* LoadingTableViewCell.swift */ = {isa = PBXFileReference; lastKnownFileType = sourcecode.swift; path = LoadingTableViewCell.swift; sourceTree = "<group>"; };
		A9DF45D028B6852500500798 /* LoadingTableViewCell.xib */ = {isa = PBXFileReference; lastKnownFileType = file.xib; path = LoadingTableViewCell.xib; sourceTree = "<group>"; };
/* End PBXFileReference section */

/* Begin PBXFrameworksBuildPhase section */
		A9511F2528B4B55A009CE85A /* Frameworks */ = {
			isa = PBXFrameworksBuildPhase;
			buildActionMask = 2147483647;
			files = (
				556B267512B6BC8CEF0A4BDF /* Pods_Recipes.framework in Frameworks */,
			);
			runOnlyForDeploymentPostprocessing = 0;
		};
/* End PBXFrameworksBuildPhase section */

/* Begin PBXGroup section */
		A9511F1F28B4B55A009CE85A = {
			isa = PBXGroup;
			children = (
				A9511F2A28B4B55A009CE85A /* Recipes */,
				A9511F2928B4B55A009CE85A /* Products */,
				AF670AA5303AAA9BB9414BB3 /* Pods */,
				D5DCED63006BACFB9ADF7C60 /* Frameworks */,
			);
			sourceTree = "<group>";
		};
		A9511F2928B4B55A009CE85A /* Products */ = {
			isa = PBXGroup;
			children = (
				A9511F2828B4B55A009CE85A /* Recipes.app */,
			);
			name = Products;
			sourceTree = "<group>";
		};
		A9511F2A28B4B55A009CE85A /* Recipes */ = {
			isa = PBXGroup;
			children = (
				A9CF94FE28B56DEF009BBD17 /* ViewModel */,
				A9511F6028B4E671009CE85A /* Custom Views */,
				A9511F5928B4D08F009CE85A /* View */,
				A9511F5528B4CA80009CE85A /* Utils */,
				A9511F4228B4BE5B009CE85A /* Model */,
				A9511F4128B4BE20009CE85A /* Service */,
				A9511F2B28B4B55A009CE85A /* AppDelegate.swift */,
				A9511F2D28B4B55A009CE85A /* SceneDelegate.swift */,
				A9511F3128B4B55A009CE85A /* Main.storyboard */,
				A9511F3428B4B55B009CE85A /* Assets.xcassets */,
				A9511F3628B4B55B009CE85A /* LaunchScreen.storyboard */,
				A9511F3928B4B55C009CE85A /* Info.plist */,
			);
			path = Recipes;
			sourceTree = "<group>";
		};
		A9511F4128B4BE20009CE85A /* Service */ = {
			isa = PBXGroup;
			children = (
				A9511F4728B4BF39009CE85A /* Network */,
			);
			path = Service;
			sourceTree = "<group>";
		};
		A9511F4228B4BE5B009CE85A /* Model */ = {
			isa = PBXGroup;
			children = (
				A9511F4328B4BE78009CE85A /* RecipeItem.swift */,
				A9511F4F28B4C034009CE85A /* RecipeResponse.swift */,
			);
			path = Model;
			sourceTree = "<group>";
		};
		A9511F4728B4BF39009CE85A /* Network */ = {
			isa = PBXGroup;
			children = (
				A9511F4828B4BF57009CE85A /* APIService.swift */,
				A9511F5228B4C168009CE85A /* DataHandlingProtocol.swift */,
			);
			path = Network;
			sourceTree = "<group>";
		};
		A9511F5528B4CA80009CE85A /* Utils */ = {
			isa = PBXGroup;
			children = (
				A9511F5628B4CA92009CE85A /* Constants.swift */,
			);
			path = Utils;
			sourceTree = "<group>";
		};
		A9511F5928B4D08F009CE85A /* View */ = {
			isa = PBXGroup;
			children = (
				A9511F5A28B4D1D6009CE85A /* RecipesViewController.swift */,
				A9DCB6C328B64AB400A5B269 /* DetailsViewController.swift */,
			);
			path = View;
			sourceTree = "<group>";
		};
		A9511F6028B4E671009CE85A /* Custom Views */ = {
			isa = PBXGroup;
			children = (
				A9511F6C28B4F62B009CE85A /* RecipeCell */,
				A9511F6A28B4F61D009CE85A /* FilterCell */,
				A9DF45D428B6853000500798 /* LoadingCell */,
			);
			path = "Custom Views";
			sourceTree = "<group>";
		};
		A9511F6A28B4F61D009CE85A /* FilterCell */ = {
			isa = PBXGroup;
			children = (
				A9511F6528B4E908009CE85A /* FilterCollectionViewCell.swift */,
				A9511F6628B4E908009CE85A /* FilterCollectionViewCell.xib */,
			);
			path = FilterCell;
			sourceTree = "<group>";
		};
		A9511F6C28B4F62B009CE85A /* RecipeCell */ = {
			isa = PBXGroup;
			children = (
				A9511F6D28B4F650009CE85A /* RecipeTableViewCell.swift */,
				A9511F6E28B4F650009CE85A /* RecipeTableViewCell.xib */,
			);
			path = RecipeCell;
			sourceTree = "<group>";
		};
		A9CF94FE28B56DEF009BBD17 /* ViewModel */ = {
			isa = PBXGroup;
			children = (
				A9CF94FF28B56E0F009BBD17 /* RecipeSearchViewModel.swift */,
				A9DCB6C628B64B4200A5B269 /* RecipeDetailsViewModel.swift */,
			);
			path = ViewModel;
			sourceTree = "<group>";
		};
		A9DF45D428B6853000500798 /* LoadingCell */ = {
			isa = PBXGroup;
			children = (
				A9DF45CF28B6852500500798 /* LoadingTableViewCell.swift */,
				A9DF45D028B6852500500798 /* LoadingTableViewCell.xib */,
			);
			path = LoadingCell;
			sourceTree = "<group>";
		};
		AF670AA5303AAA9BB9414BB3 /* Pods */ = {
			isa = PBXGroup;
			children = (
				04346C02E220B784C6755C9A /* Pods-Recipes.debug.xcconfig */,
				041C0AC73A7BE9F7533A8340 /* Pods-Recipes.release.xcconfig */,
			);
			path = Pods;
			sourceTree = "<group>";
		};
		D5DCED63006BACFB9ADF7C60 /* Frameworks */ = {
			isa = PBXGroup;
			children = (
				1685A59D5E5657F243463DDF /* Pods_Recipes.framework */,
			);
			name = Frameworks;
			sourceTree = "<group>";
		};
/* End PBXGroup section */

/* Begin PBXNativeTarget section */
		A9511F2728B4B55A009CE85A /* Recipes */ = {
			isa = PBXNativeTarget;
			buildConfigurationList = A9511F3C28B4B55C009CE85A /* Build configuration list for PBXNativeTarget "Recipes" */;
			buildPhases = (
				34BE333D8C4591CB4BAD04E9 /* [CP] Check Pods Manifest.lock */,
				A9511F2428B4B55A009CE85A /* Sources */,
				A9511F2528B4B55A009CE85A /* Frameworks */,
				A9511F2628B4B55A009CE85A /* Resources */,
				3F854F4F535D274874D0935C /* [CP] Embed Pods Frameworks */,
			);
			buildRules = (
			);
			dependencies = (
			);
			name = Recipes;
			productName = Recipes;
			productReference = A9511F2828B4B55A009CE85A /* Recipes.app */;
			productType = "com.apple.product-type.application";
		};
/* End PBXNativeTarget section */

/* Begin PBXProject section */
		A9511F2028B4B55A009CE85A /* Project object */ = {
			isa = PBXProject;
			attributes = {
				LastSwiftUpdateCheck = 1240;
				LastUpgradeCheck = 1240;
				TargetAttributes = {
					A9511F2728B4B55A009CE85A = {
						CreatedOnToolsVersion = 12.4;
					};
				};
			};
			buildConfigurationList = A9511F2328B4B55A009CE85A /* Build configuration list for PBXProject "Recipes" */;
			compatibilityVersion = "Xcode 9.3";
			developmentRegion = en;
			hasScannedForEncodings = 0;
			knownRegions = (
				en,
				Base,
			);
			mainGroup = A9511F1F28B4B55A009CE85A;
			productRefGroup = A9511F2928B4B55A009CE85A /* Products */;
			projectDirPath = "";
			projectRoot = "";
			targets = (
				A9511F2728B4B55A009CE85A /* Recipes */,
			);
		};
/* End PBXProject section */

/* Begin PBXResourcesBuildPhase section */
		A9511F2628B4B55A009CE85A /* Resources */ = {
			isa = PBXResourcesBuildPhase;
			buildActionMask = 2147483647;
			files = (
				A9DF45D228B6852500500798 /* LoadingTableViewCell.xib in Resources */,
				A9511F3828B4B55B009CE85A /* LaunchScreen.storyboard in Resources */,
				A9511F3528B4B55B009CE85A /* Assets.xcassets in Resources */,
				A9511F6828B4E908009CE85A /* FilterCollectionViewCell.xib in Resources */,
				A9511F7028B4F650009CE85A /* RecipeTableViewCell.xib in Resources */,
				A9511F3328B4B55A009CE85A /* Main.storyboard in Resources */,
			);
			runOnlyForDeploymentPostprocessing = 0;
		};
/* End PBXResourcesBuildPhase section */

/* Begin PBXShellScriptBuildPhase section */
		34BE333D8C4591CB4BAD04E9 /* [CP] Check Pods Manifest.lock */ = {
			isa = PBXShellScriptBuildPhase;
			buildActionMask = 2147483647;
			files = (
			);
			inputFileListPaths = (
			);
			inputPaths = (
				"${PODS_PODFILE_DIR_PATH}/Podfile.lock",
				"${PODS_ROOT}/Manifest.lock",
			);
			name = "[CP] Check Pods Manifest.lock";
			outputFileListPaths = (
			);
			outputPaths = (
				"$(DERIVED_FILE_DIR)/Pods-Recipes-checkManifestLockResult.txt",
			);
			runOnlyForDeploymentPostprocessing = 0;
			shellPath = /bin/sh;
			shellScript = "diff \"${PODS_PODFILE_DIR_PATH}/Podfile.lock\" \"${PODS_ROOT}/Manifest.lock\" > /dev/null\nif [ $? != 0 ] ; then\n    # print error to STDERR\n    echo \"error: The sandbox is not in sync with the Podfile.lock. Run 'pod install' or update your CocoaPods installation.\" >&2\n    exit 1\nfi\n# This output is used by Xcode 'outputs' to avoid re-running this script phase.\necho \"SUCCESS\" > \"${SCRIPT_OUTPUT_FILE_0}\"\n";
			showEnvVarsInLog = 0;
		};
		3F854F4F535D274874D0935C /* [CP] Embed Pods Frameworks */ = {
			isa = PBXShellScriptBuildPhase;
			buildActionMask = 2147483647;
			files = (
			);
			inputFileListPaths = (
				"${PODS_ROOT}/Target Support Files/Pods-Recipes/Pods-Recipes-frameworks-${CONFIGURATION}-input-files.xcfilelist",
			);
			name = "[CP] Embed Pods Frameworks";
			outputFileListPaths = (
				"${PODS_ROOT}/Target Support Files/Pods-Recipes/Pods-Recipes-frameworks-${CONFIGURATION}-output-files.xcfilelist",
			);
			runOnlyForDeploymentPostprocessing = 0;
			shellPath = /bin/sh;
			shellScript = "\"${PODS_ROOT}/Target Support Files/Pods-Recipes/Pods-Recipes-frameworks.sh\"\n";
			showEnvVarsInLog = 0;
		};
/* End PBXShellScriptBuildPhase section */

/* Begin PBXSourcesBuildPhase section */
		A9511F2428B4B55A009CE85A /* Sources */ = {
			isa = PBXSourcesBuildPhase;
			buildActionMask = 2147483647;
			files = (
				A9511F5328B4C168009CE85A /* DataHandlingProtocol.swift in Sources */,
				A9511F6F28B4F650009CE85A /* RecipeTableViewCell.swift in Sources */,
				A9511F6728B4E908009CE85A /* FilterCollectionViewCell.swift in Sources */,
				A9511F4928B4BF57009CE85A /* APIService.swift in Sources */,
				A9DCB6C728B64B4200A5B269 /* RecipeDetailsViewModel.swift in Sources */,
				A9511F5B28B4D1D6009CE85A /* RecipesViewController.swift in Sources */,
				A9511F5028B4C034009CE85A /* RecipeResponse.swift in Sources */,
				A9511F2C28B4B55A009CE85A /* AppDelegate.swift in Sources */,
				A9511F4428B4BE78009CE85A /* RecipeItem.swift in Sources */,
				A9511F2E28B4B55A009CE85A /* SceneDelegate.swift in Sources */,
				A9DF45D128B6852500500798 /* LoadingTableViewCell.swift in Sources */,
				A9CF950028B56E0F009BBD17 /* RecipeSearchViewModel.swift in Sources */,
				A9511F5728B4CA92009CE85A /* Constants.swift in Sources */,
				A9DCB6C428B64AB400A5B269 /* DetailsViewController.swift in Sources */,
			);
			runOnlyForDeploymentPostprocessing = 0;
		};
/* End PBXSourcesBuildPhase section */

/* Begin PBXVariantGroup section */
		A9511F3128B4B55A009CE85A /* Main.storyboard */ = {
			isa = PBXVariantGroup;
			children = (
				A9511F3228B4B55A009CE85A /* Base */,
			);
			name = Main.storyboard;
			sourceTree = "<group>";
		};
		A9511F3628B4B55B009CE85A /* LaunchScreen.storyboard */ = {
			isa = PBXVariantGroup;
			children = (
				A9511F3728B4B55B009CE85A /* Base */,
			);
			name = LaunchScreen.storyboard;
			sourceTree = "<group>";
		};
/* End PBXVariantGroup section */

/* Begin XCBuildConfiguration section */
		A9511F3A28B4B55C009CE85A /* Debug */ = {
			isa = XCBuildConfiguration;
			buildSettings = {
				ALWAYS_SEARCH_USER_PATHS = NO;
				CLANG_ANALYZER_NONNULL = YES;
				CLANG_ANALYZER_NUMBER_OBJECT_CONVERSION = YES_AGGRESSIVE;
				CLANG_CXX_LANGUAGE_STANDARD = "gnu++14";
				CLANG_CXX_LIBRARY = "libc++";
				CLANG_ENABLE_MODULES = YES;
				CLANG_ENABLE_OBJC_ARC = YES;
				CLANG_ENABLE_OBJC_WEAK = YES;
				CLANG_WARN_BLOCK_CAPTURE_AUTORELEASING = YES;
				CLANG_WARN_BOOL_CONVERSION = YES;
				CLANG_WARN_COMMA = YES;
				CLANG_WARN_CONSTANT_CONVERSION = YES;
				CLANG_WARN_DEPRECATED_OBJC_IMPLEMENTATIONS = YES;
				CLANG_WARN_DIRECT_OBJC_ISA_USAGE = YES_ERROR;
				CLANG_WARN_DOCUMENTATION_COMMENTS = YES;
				CLANG_WARN_EMPTY_BODY = YES;
				CLANG_WARN_ENUM_CONVERSION = YES;
				CLANG_WARN_INFINITE_RECURSION = YES;
				CLANG_WARN_INT_CONVERSION = YES;
				CLANG_WARN_NON_LITERAL_NULL_CONVERSION = YES;
				CLANG_WARN_OBJC_IMPLICIT_RETAIN_SELF = YES;
				CLANG_WARN_OBJC_LITERAL_CONVERSION = YES;
				CLANG_WARN_OBJC_ROOT_CLASS = YES_ERROR;
				CLANG_WARN_QUOTED_INCLUDE_IN_FRAMEWORK_HEADER = YES;
				CLANG_WARN_RANGE_LOOP_ANALYSIS = YES;
				CLANG_WARN_STRICT_PROTOTYPES = YES;
				CLANG_WARN_SUSPICIOUS_MOVE = YES;
				CLANG_WARN_UNGUARDED_AVAILABILITY = YES_AGGRESSIVE;
				CLANG_WARN_UNREACHABLE_CODE = YES;
				CLANG_WARN__DUPLICATE_METHOD_MATCH = YES;
				COPY_PHASE_STRIP = NO;
				DEBUG_INFORMATION_FORMAT = dwarf;
				ENABLE_STRICT_OBJC_MSGSEND = YES;
				ENABLE_TESTABILITY = YES;
				GCC_C_LANGUAGE_STANDARD = gnu11;
				GCC_DYNAMIC_NO_PIC = NO;
				GCC_NO_COMMON_BLOCKS = YES;
				GCC_OPTIMIZATION_LEVEL = 0;
				GCC_PREPROCESSOR_DEFINITIONS = (
					"DEBUG=1",
					"$(inherited)",
				);
				GCC_WARN_64_TO_32_BIT_CONVERSION = YES;
				GCC_WARN_ABOUT_RETURN_TYPE = YES_ERROR;
				GCC_WARN_UNDECLARED_SELECTOR = YES;
				GCC_WARN_UNINITIALIZED_AUTOS = YES_AGGRESSIVE;
				GCC_WARN_UNUSED_FUNCTION = YES;
				GCC_WARN_UNUSED_VARIABLE = YES;
				IPHONEOS_DEPLOYMENT_TARGET = 14.4;
				MTL_ENABLE_DEBUG_INFO = INCLUDE_SOURCE;
				MTL_FAST_MATH = YES;
				ONLY_ACTIVE_ARCH = YES;
				SDKROOT = iphoneos;
				SWIFT_ACTIVE_COMPILATION_CONDITIONS = DEBUG;
				SWIFT_OPTIMIZATION_LEVEL = "-Onone";
			};
			name = Debug;
		};
		A9511F3B28B4B55C009CE85A /* Release */ = {
			isa = XCBuildConfiguration;
			buildSettings = {
				ALWAYS_SEARCH_USER_PATHS = NO;
				CLANG_ANALYZER_NONNULL = YES;
				CLANG_ANALYZER_NUMBER_OBJECT_CONVERSION = YES_AGGRESSIVE;
				CLANG_CXX_LANGUAGE_STANDARD = "gnu++14";
				CLANG_CXX_LIBRARY = "libc++";
				CLANG_ENABLE_MODULES = YES;
				CLANG_ENABLE_OBJC_ARC = YES;
				CLANG_ENABLE_OBJC_WEAK = YES;
				CLANG_WARN_BLOCK_CAPTURE_AUTORELEASING = YES;
				CLANG_WARN_BOOL_CONVERSION = YES;
				CLANG_WARN_COMMA = YES;
				CLANG_WARN_CONSTANT_CONVERSION = YES;
				CLANG_WARN_DEPRECATED_OBJC_IMPLEMENTATIONS = YES;
				CLANG_WARN_DIRECT_OBJC_ISA_USAGE = YES_ERROR;
				CLANG_WARN_DOCUMENTATION_COMMENTS = YES;
				CLANG_WARN_EMPTY_BODY = YES;
				CLANG_WARN_ENUM_CONVERSION = YES;
				CLANG_WARN_INFINITE_RECURSION = YES;
				CLANG_WARN_INT_CONVERSION = YES;
				CLANG_WARN_NON_LITERAL_NULL_CONVERSION = YES;
				CLANG_WARN_OBJC_IMPLICIT_RETAIN_SELF = YES;
				CLANG_WARN_OBJC_LITERAL_CONVERSION = YES;
				CLANG_WARN_OBJC_ROOT_CLASS = YES_ERROR;
				CLANG_WARN_QUOTED_INCLUDE_IN_FRAMEWORK_HEADER = YES;
				CLANG_WARN_RANGE_LOOP_ANALYSIS = YES;
				CLANG_WARN_STRICT_PROTOTYPES = YES;
				CLANG_WARN_SUSPICIOUS_MOVE = YES;
				CLANG_WARN_UNGUARDED_AVAILABILITY = YES_AGGRESSIVE;
				CLANG_WARN_UNREACHABLE_CODE = YES;
				CLANG_WARN__DUPLICATE_METHOD_MATCH = YES;
				COPY_PHASE_STRIP = NO;
				DEBUG_INFORMATION_FORMAT = "dwarf-with-dsym";
				ENABLE_NS_ASSERTIONS = NO;
				ENABLE_STRICT_OBJC_MSGSEND = YES;
				GCC_C_LANGUAGE_STANDARD = gnu11;
				GCC_NO_COMMON_BLOCKS = YES;
				GCC_WARN_64_TO_32_BIT_CONVERSION = YES;
				GCC_WARN_ABOUT_RETURN_TYPE = YES_ERROR;
				GCC_WARN_UNDECLARED_SELECTOR = YES;
				GCC_WARN_UNINITIALIZED_AUTOS = YES_AGGRESSIVE;
				GCC_WARN_UNUSED_FUNCTION = YES;
				GCC_WARN_UNUSED_VARIABLE = YES;
				IPHONEOS_DEPLOYMENT_TARGET = 14.4;
				MTL_ENABLE_DEBUG_INFO = NO;
				MTL_FAST_MATH = YES;
				SDKROOT = iphoneos;
				SWIFT_COMPILATION_MODE = wholemodule;
				SWIFT_OPTIMIZATION_LEVEL = "-O";
				VALIDATE_PRODUCT = YES;
			};
			name = Release;
		};
		A9511F3D28B4B55C009CE85A /* Debug */ = {
			isa = XCBuildConfiguration;
			baseConfigurationReference = 04346C02E220B784C6755C9A /* Pods-Recipes.debug.xcconfig */;
			buildSettings = {
				ASSETCATALOG_COMPILER_APPICON_NAME = AppIcon;
				ASSETCATALOG_COMPILER_GLOBAL_ACCENT_COLOR_NAME = AccentColor;
				CODE_SIGN_STYLE = Automatic;
				INFOPLIST_FILE = Recipes/Info.plist;
				IPHONEOS_DEPLOYMENT_TARGET = 11.0;
				LD_RUNPATH_SEARCH_PATHS = (
					"$(inherited)",
					"@executable_path/Frameworks",
				);
				PRODUCT_BUNDLE_IDENTIFIER = Org.Recipes;
				PRODUCT_NAME = "$(TARGET_NAME)";
				SWIFT_VERSION = 5.0;
				TARGETED_DEVICE_FAMILY = 1;
			};
			name = Debug;
		};
		A9511F3E28B4B55C009CE85A /* Release */ = {
			isa = XCBuildConfiguration;
			baseConfigurationReference = 041C0AC73A7BE9F7533A8340 /* Pods-Recipes.release.xcconfig */;
			buildSettings = {
				ASSETCATALOG_COMPILER_APPICON_NAME = AppIcon;
				ASSETCATALOG_COMPILER_GLOBAL_ACCENT_COLOR_NAME = AccentColor;
				CODE_SIGN_STYLE = Automatic;
				INFOPLIST_FILE = Recipes/Info.plist;
				IPHONEOS_DEPLOYMENT_TARGET = 11.0;
				LD_RUNPATH_SEARCH_PATHS = (
					"$(inherited)",
					"@executable_path/Frameworks",
				);
				PRODUCT_BUNDLE_IDENTIFIER = Org.Recipes;
				PRODUCT_NAME = "$(TARGET_NAME)";
				SWIFT_VERSION = 5.0;
				TARGETED_DEVICE_FAMILY = 1;
			};
			name = Release;
		};
/* End XCBuildConfiguration section */

/* Begin XCConfigurationList section */
		A9511F2328B4B55A009CE85A /* Build configuration list for PBXProject "Recipes" */ = {
			isa = XCConfigurationList;
			buildConfigurations = (
				A9511F3A28B4B55C009CE85A /* Debug */,
				A9511F3B28B4B55C009CE85A /* Release */,
			);
			defaultConfigurationIsVisible = 0;
			defaultConfigurationName = Release;
		};
		A9511F3C28B4B55C009CE85A /* Build configuration list for PBXNativeTarget "Recipes" */ = {
			isa = XCConfigurationList;
			buildConfigurations = (
				A9511F3D28B4B55C009CE85A /* Debug */,
				A9511F3E28B4B55C009CE85A /* Release */,
			);
			defaultConfigurationIsVisible = 0;
			defaultConfigurationName = Release;
		};
/* End XCConfigurationList section */
	};
	rootObject = A9511F2028B4B55A009CE85A /* Project object */;
}
